// !$*UTF8*$!
{
	archiveVersion = 1;
	classes = {
	};
	objectVersion = 48;
	objects = {

/* Begin PBXBuildFile section */
		DB8239081FBA2F4C0051963C /* AppDelegate.swift in Sources */ = {isa = PBXBuildFile; fileRef = DB8239071FBA2F4C0051963C /* AppDelegate.swift */; };
		DB82390A1FBA2F4C0051963C /* LoginViewController.swift in Sources */ = {isa = PBXBuildFile; fileRef = DB8239091FBA2F4C0051963C /* LoginViewController.swift */; };
		DB82390D1FBA2F4C0051963C /* Main.storyboard in Resources */ = {isa = PBXBuildFile; fileRef = DB82390B1FBA2F4C0051963C /* Main.storyboard */; };
		DB8239101FBA2F4C0051963C /* PetHealth.xcdatamodeld in Sources */ = {isa = PBXBuildFile; fileRef = DB82390E1FBA2F4C0051963C /* PetHealth.xcdatamodeld */; };
		DB8239121FBA2F4C0051963C /* Assets.xcassets in Resources */ = {isa = PBXBuildFile; fileRef = DB8239111FBA2F4C0051963C /* Assets.xcassets */; };
		DB8239151FBA2F4C0051963C /* LaunchScreen.storyboard in Resources */ = {isa = PBXBuildFile; fileRef = DB8239131FBA2F4C0051963C /* LaunchScreen.storyboard */; };
/* End PBXBuildFile section */

/* Begin PBXFileReference section */
		DB8239041FBA2F4C0051963C /* PetHealth.app */ = {isa = PBXFileReference; explicitFileType = wrapper.application; includeInIndex = 0; path = PetHealth.app; sourceTree = BUILT_PRODUCTS_DIR; };
		DB8239071FBA2F4C0051963C /* AppDelegate.swift */ = {isa = PBXFileReference; lastKnownFileType = sourcecode.swift; path = AppDelegate.swift; sourceTree = "<group>"; };
		DB8239091FBA2F4C0051963C /* LoginViewController.swift */ = {isa = PBXFileReference; lastKnownFileType = sourcecode.swift; path = LoginViewController.swift; sourceTree = "<group>"; };
		DB82390C1FBA2F4C0051963C /* Base */ = {isa = PBXFileReference; lastKnownFileType = file.storyboard; name = Base; path = Base.lproj/Main.storyboard; sourceTree = "<group>"; };
		DB82390F1FBA2F4C0051963C /* PetHealth.xcdatamodel */ = {isa = PBXFileReference; lastKnownFileType = wrapper.xcdatamodel; path = PetHealth.xcdatamodel; sourceTree = "<group>"; };
		DB8239111FBA2F4C0051963C /* Assets.xcassets */ = {isa = PBXFileReference; lastKnownFileType = folder.assetcatalog; path = Assets.xcassets; sourceTree = "<group>"; };
		DB8239141FBA2F4C0051963C /* Base */ = {isa = PBXFileReference; lastKnownFileType = file.storyboard; name = Base; path = Base.lproj/LaunchScreen.storyboard; sourceTree = "<group>"; };
		DB8239161FBA2F4C0051963C /* Info.plist */ = {isa = PBXFileReference; lastKnownFileType = text.plist.xml; path = Info.plist; sourceTree = "<group>"; };
/* End PBXFileReference section */

/* Begin PBXFrameworksBuildPhase section */
		DB8239011FBA2F4C0051963C /* Frameworks */ = {
			isa = PBXFrameworksBuildPhase;
			buildActionMask = 2147483647;
			files = (
			);
			runOnlyForDeploymentPostprocessing = 0;
		};
/* End PBXFrameworksBuildPhase section */

/* Begin PBXGroup section */
		DB8238FB1FBA2F4C0051963C = {
			isa = PBXGroup;
			children = (
				DB8239061FBA2F4C0051963C /* PetHealth */,
				DB8239051FBA2F4C0051963C /* Products */,
			);
			sourceTree = "<group>";
		};
		DB8239051FBA2F4C0051963C /* Products */ = {
			isa = PBXGroup;
			children = (
				DB8239041FBA2F4C0051963C /* PetHealth.app */,
			);
			name = Products;
			sourceTree = "<group>";
		};
		DB8239061FBA2F4C0051963C /* PetHealth */ = {
			isa = PBXGroup;
			children = (
				DB82391E1FBA2F910051963C /* Network */,
				DB82391D1FBA2F720051963C /* ViewController */,
				DB82391C1FBA2F6C0051963C /* Model */,
				DB8239071FBA2F4C0051963C /* AppDelegate.swift */,
				DB82390B1FBA2F4C0051963C /* Main.storyboard */,
				DB8239111FBA2F4C0051963C /* Assets.xcassets */,
				DB8239131FBA2F4C0051963C /* LaunchScreen.storyboard */,
				DB8239161FBA2F4C0051963C /* Info.plist */,
				DB82390E1FBA2F4C0051963C /* PetHealth.xcdatamodeld */,
			);
			path = PetHealth;
			sourceTree = "<group>";
		};
		DB82391C1FBA2F6C0051963C /* Model */ = {
			isa = PBXGroup;
			children = (
			);
			path = Model;
			sourceTree = "<group>";
		};
		DB82391D1FBA2F720051963C /* ViewController */ = {
			isa = PBXGroup;
			children = (
				DB8239091FBA2F4C0051963C /* LoginViewController.swift */,
			);
			path = ViewController;
			sourceTree = "<group>";
		};
		DB82391E1FBA2F910051963C /* Network */ = {
			isa = PBXGroup;
			children = (
			);
			path = Network;
			sourceTree = "<group>";
		};
/* End PBXGroup section */

/* Begin PBXNativeTarget section */
		DB8239031FBA2F4C0051963C /* PetHealth */ = {
			isa = PBXNativeTarget;
			buildConfigurationList = DB8239191FBA2F4C0051963C /* Build configuration list for PBXNativeTarget "PetHealth" */;
			buildPhases = (
				DB8239001FBA2F4C0051963C /* Sources */,
				DB8239011FBA2F4C0051963C /* Frameworks */,
				DB8239021FBA2F4C0051963C /* Resources */,
			);
			buildRules = (
			);
			dependencies = (
			);
			name = PetHealth;
			productName = PetHealth;
			productReference = DB8239041FBA2F4C0051963C /* PetHealth.app */;
			productType = "com.apple.product-type.application";
		};
/* End PBXNativeTarget section */

/* Begin PBXProject section */
		DB8238FC1FBA2F4C0051963C /* Project object */ = {
			isa = PBXProject;
			attributes = {
				LastSwiftUpdateCheck = 0910;
				LastUpgradeCheck = 0910;
				ORGANIZATIONNAME = iSoftware;
				TargetAttributes = {
					DB8239031FBA2F4C0051963C = {
						CreatedOnToolsVersion = 9.1;
						ProvisioningStyle = Automatic;
					};
				};
			};
			buildConfigurationList = DB8238FF1FBA2F4C0051963C /* Build configuration list for PBXProject "PetHealth" */;
			compatibilityVersion = "Xcode 8.0";
			developmentRegion = en;
			hasScannedForEncodings = 0;
			knownRegions = (
				en,
				Base,
			);
			mainGroup = DB8238FB1FBA2F4C0051963C;
			productRefGroup = DB8239051FBA2F4C0051963C /* Products */;
			projectDirPath = "";
			projectRoot = "";
			targets = (
				DB8239031FBA2F4C0051963C /* PetHealth */,
			);
		};
/* End PBXProject section */

/* Begin PBXResourcesBuildPhase section */
		DB8239021FBA2F4C0051963C /* Resources */ = {
			isa = PBXResourcesBuildPhase;
			buildActionMask = 2147483647;
			files = (
				DB8239151FBA2F4C0051963C /* LaunchScreen.storyboard in Resources */,
				DB8239121FBA2F4C0051963C /* Assets.xcassets in Resources */,
				DB82390D1FBA2F4C0051963C /* Main.storyboard in Resources */,
			);
			runOnlyForDeploymentPostprocessing = 0;
		};
/* End PBXResourcesBuildPhase section */

/* Begin PBXSourcesBuildPhase section */
		DB8239001FBA2F4C0051963C /* Sources */ = {
			isa = PBXSourcesBuildPhase;
			buildActionMask = 2147483647;
			files = (
				DB82390A1FBA2F4C0051963C /* LoginViewController.swift in Sources */,
				DB8239081FBA2F4C0051963C /* AppDelegate.swift in Sources */,
				DB8239101FBA2F4C0051963C /* PetHealth.xcdatamodeld in Sources */,
			);
			runOnlyForDeploymentPostprocessing = 0;
		};
/* End PBXSourcesBuildPhase section */

/* Begin PBXVariantGroup section */
		DB82390B1FBA2F4C0051963C /* Main.storyboard */ = {
			isa = PBXVariantGroup;
			children = (
				DB82390C1FBA2F4C0051963C /* Base */,
			);
			name = Main.storyboard;
			sourceTree = "<group>";
		};
		DB8239131FBA2F4C0051963C /* LaunchScreen.storyboard */ = {
			isa = PBXVariantGroup;
			children = (
				DB8239141FBA2F4C0051963C /* Base */,
			);
			name = LaunchScreen.storyboard;
			sourceTree = "<group>";
		};
/* End PBXVariantGroup section */

/* Begin XCBuildConfiguration section */
		DB8239171FBA2F4C0051963C /* Debug */ = {
			isa = XCBuildConfiguration;
			buildSettings = {
				ALWAYS_SEARCH_USER_PATHS = NO;
				CLANG_ANALYZER_NONNULL = YES;
				CLANG_ANALYZER_NUMBER_OBJECT_CONVERSION = YES_AGGRESSIVE;
				CLANG_CXX_LANGUAGE_STANDARD = "gnu++14";
				CLANG_CXX_LIBRARY = "libc++";
				CLANG_ENABLE_MODULES = YES;
				CLANG_ENABLE_OBJC_ARC = YES;
				CLANG_WARN_BLOCK_CAPTURE_AUTORELEASING = YES;
				CLANG_WARN_BOOL_CONVERSION = YES;
				CLANG_WARN_COMMA = YES;
				CLANG_WARN_CONSTANT_CONVERSION = YES;
				CLANG_WARN_DIRECT_OBJC_ISA_USAGE = YES_ERROR;
				CLANG_WARN_DOCUMENTATION_COMMENTS = YES;
				CLANG_WARN_EMPTY_BODY = YES;
				CLANG_WARN_ENUM_CONVERSION = YES;
				CLANG_WARN_INFINITE_RECURSION = YES;
				CLANG_WARN_INT_CONVERSION = YES;
				CLANG_WARN_NON_LITERAL_NULL_CONVERSION = YES;
				CLANG_WARN_OBJC_LITERAL_CONVERSION = YES;
				CLANG_WARN_OBJC_ROOT_CLASS = YES_ERROR;
				CLANG_WARN_RANGE_LOOP_ANALYSIS = YES;
				CLANG_WARN_STRICT_PROTOTYPES = YES;
				CLANG_WARN_SUSPICIOUS_MOVE = YES;
				CLANG_WARN_UNGUARDED_AVAILABILITY = YES_AGGRESSIVE;
				CLANG_WARN_UNREACHABLE_CODE = YES;
				CLANG_WARN__DUPLICATE_METHOD_MATCH = YES;
				CODE_SIGN_IDENTITY = "iPhone Developer";
				COPY_PHASE_STRIP = NO;
				DEBUG_INFORMATION_FORMAT = dwarf;
				ENABLE_STRICT_OBJC_MSGSEND = YES;
				ENABLE_TESTABILITY = YES;
				GCC_C_LANGUAGE_STANDARD = gnu11;
				GCC_DYNAMIC_NO_PIC = NO;
				GCC_NO_COMMON_BLOCKS = YES;
				GCC_OPTIMIZATION_LEVEL = 0;
				GCC_PREPROCESSOR_DEFINITIONS = (
					"DEBUG=1",
					"$(inherited)",
				);
				GCC_WARN_64_TO_32_BIT_CONVERSION = YES;
				GCC_WARN_ABOUT_RETURN_TYPE = YES_ERROR;
				GCC_WARN_UNDECLARED_SELECTOR = YES;
				GCC_WARN_UNINITIALIZED_AUTOS = YES_AGGRESSIVE;
				GCC_WARN_UNUSED_FUNCTION = YES;
				GCC_WARN_UNUSED_VARIABLE = YES;
				IPHONEOS_DEPLOYMENT_TARGET = 11.1;
				MTL_ENABLE_DEBUG_INFO = YES;
				ONLY_ACTIVE_ARCH = YES;
				SDKROOT = iphoneos;
				SWIFT_ACTIVE_COMPILATION_CONDITIONS = DEBUG;
				SWIFT_OPTIMIZATION_LEVEL = "-Onone";
			};
			name = Debug;
		};
		DB8239181FBA2F4C0051963C /* Release */ = {
			isa = XCBuildConfiguration;
			buildSettings = {
				ALWAYS_SEARCH_USER_PATHS = NO;
				CLANG_ANALYZER_NONNULL = YES;
				CLANG_ANALYZER_NUMBER_OBJECT_CONVERSION = YES_AGGRESSIVE;
				CLANG_CXX_LANGUAGE_STANDARD = "gnu++14";
				CLANG_CXX_LIBRARY = "libc++";
				CLANG_ENABLE_MODULES = YES;
				CLANG_ENABLE_OBJC_ARC = YES;
				CLANG_WARN_BLOCK_CAPTURE_AUTORELEASING = YES;
				CLANG_WARN_BOOL_CONVERSION = YES;
				CLANG_WARN_COMMA = YES;
				CLANG_WARN_CONSTANT_CONVERSION = YES;
				CLANG_WARN_DIRECT_OBJC_ISA_USAGE = YES_ERROR;
				CLANG_WARN_DOCUMENTATION_COMMENTS = YES;
				CLANG_WARN_EMPTY_BODY = YES;
				CLANG_WARN_ENUM_CONVERSION = YES;
				CLANG_WARN_INFINITE_RECURSION = YES;
				CLANG_WARN_INT_CONVERSION = YES;
				CLANG_WARN_NON_LITERAL_NULL_CONVERSION = YES;
				CLANG_WARN_OBJC_LITERAL_CONVERSION = YES;
				CLANG_WARN_OBJC_ROOT_CLASS = YES_ERROR;
				CLANG_WARN_RANGE_LOOP_ANALYSIS = YES;
				CLANG_WARN_STRICT_PROTOTYPES = YES;
				CLANG_WARN_SUSPICIOUS_MOVE = YES;
				CLANG_WARN_UNGUARDED_AVAILABILITY = YES_AGGRESSIVE;
				CLANG_WARN_UNREACHABLE_CODE = YES;
				CLANG_WARN__DUPLICATE_METHOD_MATCH = YES;
				CODE_SIGN_IDENTITY = "iPhone Developer";
				COPY_PHASE_STRIP = NO;
				DEBUG_INFORMATION_FORMAT = "dwarf-with-dsym";
				ENABLE_NS_ASSERTIONS = NO;
				ENABLE_STRICT_OBJC_MSGSEND = YES;
				GCC_C_LANGUAGE_STANDARD = gnu11;
				GCC_NO_COMMON_BLOCKS = YES;
				GCC_WARN_64_TO_32_BIT_CONVERSION = YES;
				GCC_WARN_ABOUT_RETURN_TYPE = YES_ERROR;
				GCC_WARN_UNDECLARED_SELECTOR = YES;
				GCC_WARN_UNINITIALIZED_AUTOS = YES_AGGRESSIVE;
				GCC_WARN_UNUSED_FUNCTION = YES;
				GCC_WARN_UNUSED_VARIABLE = YES;
				IPHONEOS_DEPLOYMENT_TARGET = 11.1;
				MTL_ENABLE_DEBUG_INFO = NO;
				SDKROOT = iphoneos;
				SWIFT_OPTIMIZATION_LEVEL = "-Owholemodule";
				VALIDATE_PRODUCT = YES;
			};
			name = Release;
		};
		DB82391A1FBA2F4C0051963C /* Debug */ = {
			isa = XCBuildConfiguration;
			buildSettings = {
				ASSETCATALOG_COMPILER_APPICON_NAME = AppIcon;
				CODE_SIGN_STYLE = Automatic;
				DEVELOPMENT_TEAM = 8468U436K8;
				INFOPLIST_FILE = PetHealth/Info.plist;
				LD_RUNPATH_SEARCH_PATHS = "$(inherited) @executable_path/Frameworks";
				PRODUCT_BUNDLE_IDENTIFIER = pe.edu.upc.iPetHealth;
				PRODUCT_NAME = "$(TARGET_NAME)";
				SWIFT_VERSION = 4.0;
				TARGETED_DEVICE_FAMILY = "1,2";
			};
			name = Debug;
		};
		DB82391B1FBA2F4C0051963C /* Release */ = {
			isa = XCBuildConfiguration;
			buildSettings = {
				ASSETCATALOG_COMPILER_APPICON_NAME = AppIcon;
				CODE_SIGN_STYLE = Automatic;
				DEVELOPMENT_TEAM = 8468U436K8;
				INFOPLIST_FILE = PetHealth/Info.plist;
				LD_RUNPATH_SEARCH_PATHS = "$(inherited) @executable_path/Frameworks";
				PRODUCT_BUNDLE_IDENTIFIER = pe.edu.upc.iPetHealth;
				PRODUCT_NAME = "$(TARGET_NAME)";
				SWIFT_VERSION = 4.0;
				TARGETED_DEVICE_FAMILY = "1,2";
			};
			name = Release;
		};
/* End XCBuildConfiguration section */

/* Begin XCConfigurationList section */
		DB8238FF1FBA2F4C0051963C /* Build configuration list for PBXProject "PetHealth" */ = {
			isa = XCConfigurationList;
			buildConfigurations = (
				DB8239171FBA2F4C0051963C /* Debug */,
				DB8239181FBA2F4C0051963C /* Release */,
			);
			defaultConfigurationIsVisible = 0;
			defaultConfigurationName = Release;
		};
		DB8239191FBA2F4C0051963C /* Build configuration list for PBXNativeTarget "PetHealth" */ = {
			isa = XCConfigurationList;
			buildConfigurations = (
				DB82391A1FBA2F4C0051963C /* Debug */,
				DB82391B1FBA2F4C0051963C /* Release */,
			);
			defaultConfigurationIsVisible = 0;
			defaultConfigurationName = Release;
		};
/* End XCConfigurationList section */

/* Begin XCVersionGroup section */
		DB82390E1FBA2F4C0051963C /* PetHealth.xcdatamodeld */ = {
			isa = XCVersionGroup;
			children = (
				DB82390F1FBA2F4C0051963C /* PetHealth.xcdatamodel */,
			);
			currentVersion = DB82390F1FBA2F4C0051963C /* PetHealth.xcdatamodel */;
			path = PetHealth.xcdatamodeld;
			sourceTree = "<group>";
			versionGroupType = wrapper.xcdatamodel;
		};
/* End XCVersionGroup section */
	};
	rootObject = DB8238FC1FBA2F4C0051963C /* Project object */;
}
