// !$*UTF8*$!
{
	archiveVersion = 1;
	classes = {
	};
	objectVersion = 48;
	objects = {

/* Begin PBXBuildFile section */
		7FD153591FC5EA19000F15B7 /* PetHealthApiService.swift in Sources */ = {isa = PBXBuildFile; fileRef = 7FD153581FC5EA19000F15B7 /* PetHealthApiService.swift */; };
		7FD1535B1FC5EA21000F15B7 /* API.swift in Sources */ = {isa = PBXBuildFile; fileRef = 7FD1535A1FC5EA21000F15B7 /* API.swift */; };
		DAC200761FC33F4500E6C895 /* SignupViewController.swift in Sources */ = {isa = PBXBuildFile; fileRef = DAC200751FC33F4500E6C895 /* SignupViewController.swift */; };
		DB7B81B71FC3888700BF3060 /* PetViewController.swift in Sources */ = {isa = PBXBuildFile; fileRef = DB7B81B61FC3888700BF3060 /* PetViewController.swift */; };
		DB7B81B91FC389E500BF3060 /* PetCell.swift in Sources */ = {isa = PBXBuildFile; fileRef = DB7B81B81FC389E500BF3060 /* PetCell.swift */; };
		DB8239081FBA2F4C0051963C /* AppDelegate.swift in Sources */ = {isa = PBXBuildFile; fileRef = DB8239071FBA2F4C0051963C /* AppDelegate.swift */; };
		DB82390A1FBA2F4C0051963C /* LoginViewController.swift in Sources */ = {isa = PBXBuildFile; fileRef = DB8239091FBA2F4C0051963C /* LoginViewController.swift */; };
		DB82390D1FBA2F4C0051963C /* Main.storyboard in Resources */ = {isa = PBXBuildFile; fileRef = DB82390B1FBA2F4C0051963C /* Main.storyboard */; };
		DB8239101FBA2F4C0051963C /* PetHealth.xcdatamodeld in Sources */ = {isa = PBXBuildFile; fileRef = DB82390E1FBA2F4C0051963C /* PetHealth.xcdatamodeld */; };
		DB8239121FBA2F4C0051963C /* Assets.xcassets in Resources */ = {isa = PBXBuildFile; fileRef = DB8239111FBA2F4C0051963C /* Assets.xcassets */; };
		DB8239151FBA2F4C0051963C /* LaunchScreen.storyboard in Resources */ = {isa = PBXBuildFile; fileRef = DB8239131FBA2F4C0051963C /* LaunchScreen.storyboard */; };
		DBAFD7F51FBE1FEE00B73C13 /* Person.swift in Sources */ = {isa = PBXBuildFile; fileRef = DBAFD7F41FBE1FEE00B73C13 /* Person.swift */; };
		DBBEF1501FBB5E1900BE1E52 /* Tip.swift in Sources */ = {isa = PBXBuildFile; fileRef = DBBEF14F1FBB5E1900BE1E52 /* Tip.swift */; };
		DBBEF2271FBB6DEE00BE1E52 /* Pet.swift in Sources */ = {isa = PBXBuildFile; fileRef = DBBEF2261FBB6DEE00BE1E52 /* Pet.swift */; };
		DBBEF2291FBB729A00BE1E52 /* User.swift in Sources */ = {isa = PBXBuildFile; fileRef = DBBEF2281FBB729A00BE1E52 /* User.swift */; };
/* End PBXBuildFile section */

/* Begin PBXContainerItemProxy section */
		DB9FC9151FC3549B00FCD756 /* PBXContainerItemProxy */ = {
			isa = PBXContainerItemProxy;
			containerPortal = DB9FC90A1FC3549A00FCD756 /* Alamofire.xcodeproj */;
			proxyType = 2;
			remoteGlobalIDString = F8111E3319A95C8B0040E7D1;
			remoteInfo = "Alamofire iOS";
		};
		DB9FC9171FC3549B00FCD756 /* PBXContainerItemProxy */ = {
			isa = PBXContainerItemProxy;
			containerPortal = DB9FC90A1FC3549A00FCD756 /* Alamofire.xcodeproj */;
			proxyType = 2;
			remoteGlobalIDString = F8111E3E19A95C8B0040E7D1;
			remoteInfo = "Alamofire iOS Tests";
		};
		DB9FC9191FC3549B00FCD756 /* PBXContainerItemProxy */ = {
			isa = PBXContainerItemProxy;
			containerPortal = DB9FC90A1FC3549A00FCD756 /* Alamofire.xcodeproj */;
			proxyType = 2;
			remoteGlobalIDString = 4DD67C0B1A5C55C900ED2280;
			remoteInfo = "Alamofire macOS";
		};
		DB9FC91B1FC3549B00FCD756 /* PBXContainerItemProxy */ = {
			isa = PBXContainerItemProxy;
			containerPortal = DB9FC90A1FC3549A00FCD756 /* Alamofire.xcodeproj */;
			proxyType = 2;
			remoteGlobalIDString = F829C6B21A7A94F100A2CD59;
			remoteInfo = "Alamofire macOS Tests";
		};
		DB9FC91D1FC3549B00FCD756 /* PBXContainerItemProxy */ = {
			isa = PBXContainerItemProxy;
			containerPortal = DB9FC90A1FC3549A00FCD756 /* Alamofire.xcodeproj */;
			proxyType = 2;
			remoteGlobalIDString = 4CF626EF1BA7CB3E0011A099;
			remoteInfo = "Alamofire tvOS";
		};
		DB9FC91F1FC3549B00FCD756 /* PBXContainerItemProxy */ = {
			isa = PBXContainerItemProxy;
			containerPortal = DB9FC90A1FC3549A00FCD756 /* Alamofire.xcodeproj */;
			proxyType = 2;
			remoteGlobalIDString = 4CF626F81BA7CB3E0011A099;
			remoteInfo = "Alamofire tvOS Tests";
		};
		DB9FC9211FC3549B00FCD756 /* PBXContainerItemProxy */ = {
			isa = PBXContainerItemProxy;
			containerPortal = DB9FC90A1FC3549A00FCD756 /* Alamofire.xcodeproj */;
			proxyType = 2;
			remoteGlobalIDString = E4202FE01B667AA100C997FB;
			remoteInfo = "Alamofire watchOS";
		};
		DB9FC92E1FC354AC00FCD756 /* PBXContainerItemProxy */ = {
			isa = PBXContainerItemProxy;
			containerPortal = DB9FC9231FC354AC00FCD756 /* SwiftyJSON.xcodeproj */;
			proxyType = 2;
			remoteGlobalIDString = 2E4FEFDB19575BE100351305;
			remoteInfo = "SwiftyJSON iOS";
		};
		DB9FC9301FC354AC00FCD756 /* PBXContainerItemProxy */ = {
			isa = PBXContainerItemProxy;
			containerPortal = DB9FC9231FC354AC00FCD756 /* SwiftyJSON.xcodeproj */;
			proxyType = 2;
			remoteGlobalIDString = 2E4FEFE619575BE100351305;
			remoteInfo = "SwiftyJSON iOS Tests";
		};
		DB9FC9321FC354AC00FCD756 /* PBXContainerItemProxy */ = {
			isa = PBXContainerItemProxy;
			containerPortal = DB9FC9231FC354AC00FCD756 /* SwiftyJSON.xcodeproj */;
			proxyType = 2;
			remoteGlobalIDString = 9C7DFC5B1A9102BD005AA3F7;
			remoteInfo = "SwiftyJSON macOS";
		};
		DB9FC9341FC354AC00FCD756 /* PBXContainerItemProxy */ = {
			isa = PBXContainerItemProxy;
			containerPortal = DB9FC9231FC354AC00FCD756 /* SwiftyJSON.xcodeproj */;
			proxyType = 2;
			remoteGlobalIDString = 9C7DFC651A9102BD005AA3F7;
			remoteInfo = "SwiftyJSON macOS Tests";
		};
		DB9FC9361FC354AC00FCD756 /* PBXContainerItemProxy */ = {
			isa = PBXContainerItemProxy;
			containerPortal = DB9FC9231FC354AC00FCD756 /* SwiftyJSON.xcodeproj */;
			proxyType = 2;
			remoteGlobalIDString = E4D7CCE81B9465A700EE7221;
			remoteInfo = "SwiftyJSON watchOS";
		};
		DB9FC9381FC354AC00FCD756 /* PBXContainerItemProxy */ = {
			isa = PBXContainerItemProxy;
			containerPortal = DB9FC9231FC354AC00FCD756 /* SwiftyJSON.xcodeproj */;
			proxyType = 2;
			remoteGlobalIDString = 7236B4F61BAC14150020529B;
			remoteInfo = "SwiftyJSON tvOS";
		};
		DB9FC93A1FC354AC00FCD756 /* PBXContainerItemProxy */ = {
			isa = PBXContainerItemProxy;
			containerPortal = DB9FC9231FC354AC00FCD756 /* SwiftyJSON.xcodeproj */;
			proxyType = 2;
			remoteGlobalIDString = A8580F741BCF5C5B00DA927B;
			remoteInfo = "SwiftyJSON tvOS Tests";
		};
/* End PBXContainerItemProxy section */

/* Begin PBXFileReference section */
		7FD153581FC5EA19000F15B7 /* PetHealthApiService.swift */ = {isa = PBXFileReference; fileEncoding = 4; lastKnownFileType = sourcecode.swift; path = PetHealthApiService.swift; sourceTree = "<group>"; };
		7FD1535A1FC5EA21000F15B7 /* API.swift */ = {isa = PBXFileReference; fileEncoding = 4; lastKnownFileType = sourcecode.swift; path = API.swift; sourceTree = "<group>"; };
		DAC200751FC33F4500E6C895 /* SignupViewController.swift */ = {isa = PBXFileReference; lastKnownFileType = sourcecode.swift; path = SignupViewController.swift; sourceTree = "<group>"; };
		DB7B81B61FC3888700BF3060 /* PetViewController.swift */ = {isa = PBXFileReference; lastKnownFileType = sourcecode.swift; path = PetViewController.swift; sourceTree = "<group>"; };
		DB7B81B81FC389E500BF3060 /* PetCell.swift */ = {isa = PBXFileReference; lastKnownFileType = sourcecode.swift; path = PetCell.swift; sourceTree = "<group>"; };
		DB8239041FBA2F4C0051963C /* PetHealth.app */ = {isa = PBXFileReference; explicitFileType = wrapper.application; includeInIndex = 0; path = PetHealth.app; sourceTree = BUILT_PRODUCTS_DIR; };
		DB8239071FBA2F4C0051963C /* AppDelegate.swift */ = {isa = PBXFileReference; lastKnownFileType = sourcecode.swift; path = AppDelegate.swift; sourceTree = "<group>"; };
		DB8239091FBA2F4C0051963C /* LoginViewController.swift */ = {isa = PBXFileReference; lastKnownFileType = sourcecode.swift; path = LoginViewController.swift; sourceTree = "<group>"; };
		DB82390C1FBA2F4C0051963C /* Base */ = {isa = PBXFileReference; lastKnownFileType = file.storyboard; name = Base; path = Base.lproj/Main.storyboard; sourceTree = "<group>"; };
		DB82390F1FBA2F4C0051963C /* PetHealth.xcdatamodel */ = {isa = PBXFileReference; lastKnownFileType = wrapper.xcdatamodel; path = PetHealth.xcdatamodel; sourceTree = "<group>"; };
		DB8239111FBA2F4C0051963C /* Assets.xcassets */ = {isa = PBXFileReference; lastKnownFileType = folder.assetcatalog; path = Assets.xcassets; sourceTree = "<group>"; };
		DB8239141FBA2F4C0051963C /* Base */ = {isa = PBXFileReference; lastKnownFileType = file.storyboard; name = Base; path = Base.lproj/LaunchScreen.storyboard; sourceTree = "<group>"; };
		DB8239161FBA2F4C0051963C /* Info.plist */ = {isa = PBXFileReference; lastKnownFileType = text.plist.xml; path = Info.plist; sourceTree = "<group>"; };
		DB9FC90A1FC3549A00FCD756 /* Alamofire.xcodeproj */ = {isa = PBXFileReference; lastKnownFileType = "wrapper.pb-project"; name = Alamofire.xcodeproj; path = ../Alamofire/Alamofire.xcodeproj; sourceTree = "<group>"; };
		DB9FC9231FC354AC00FCD756 /* SwiftyJSON.xcodeproj */ = {isa = PBXFileReference; lastKnownFileType = "wrapper.pb-project"; name = SwiftyJSON.xcodeproj; path = ../SwiftyJSON/SwiftyJSON.xcodeproj; sourceTree = "<group>"; };
		DBAFD7F41FBE1FEE00B73C13 /* Person.swift */ = {isa = PBXFileReference; lastKnownFileType = sourcecode.swift; path = Person.swift; sourceTree = "<group>"; };
		DBBEF14F1FBB5E1900BE1E52 /* Tip.swift */ = {isa = PBXFileReference; lastKnownFileType = sourcecode.swift; path = Tip.swift; sourceTree = "<group>"; };
		DBBEF2261FBB6DEE00BE1E52 /* Pet.swift */ = {isa = PBXFileReference; lastKnownFileType = sourcecode.swift; path = Pet.swift; sourceTree = "<group>"; };
		DBBEF2281FBB729A00BE1E52 /* User.swift */ = {isa = PBXFileReference; lastKnownFileType = sourcecode.swift; path = User.swift; sourceTree = "<group>"; };
/* End PBXFileReference section */

/* Begin PBXFrameworksBuildPhase section */
		DB8239011FBA2F4C0051963C /* Frameworks */ = {
			isa = PBXFrameworksBuildPhase;
			buildActionMask = 2147483647;
			files = (
			);
			runOnlyForDeploymentPostprocessing = 0;
		};
/* End PBXFrameworksBuildPhase section */

/* Begin PBXGroup section */
		7FD153561FC5E9B6000F15B7 /* API */ = {
			isa = PBXGroup;
			children = (
				7FD1535A1FC5EA21000F15B7 /* API.swift */,
			);
			path = API;
			sourceTree = "<group>";
		};
		7FD153571FC5E9DF000F15B7 /* Network */ = {
			isa = PBXGroup;
			children = (
				7FD153581FC5EA19000F15B7 /* PetHealthApiService.swift */,
			);
			path = Network;
			sourceTree = "<group>";
		};
		DB8238FB1FBA2F4C0051963C = {
			isa = PBXGroup;
			children = (
				DB9FC9231FC354AC00FCD756 /* SwiftyJSON.xcodeproj */,
				DB9FC90A1FC3549A00FCD756 /* Alamofire.xcodeproj */,
				DB8239061FBA2F4C0051963C /* PetHealth */,
				DB8239051FBA2F4C0051963C /* Products */,
			);
			sourceTree = "<group>";
		};
		DB8239051FBA2F4C0051963C /* Products */ = {
			isa = PBXGroup;
			children = (
				DB8239041FBA2F4C0051963C /* PetHealth.app */,
			);
			name = Products;
			sourceTree = "<group>";
		};
		DB8239061FBA2F4C0051963C /* PetHealth */ = {
			isa = PBXGroup;
			children = (
				7FD153571FC5E9DF000F15B7 /* Network */,
				7FD153561FC5E9B6000F15B7 /* API */,
				DB82391D1FBA2F720051963C /* ViewController */,
				DB82391C1FBA2F6C0051963C /* Model */,
				DB8239071FBA2F4C0051963C /* AppDelegate.swift */,
				DB82390B1FBA2F4C0051963C /* Main.storyboard */,
				DB8239111FBA2F4C0051963C /* Assets.xcassets */,
				DB8239131FBA2F4C0051963C /* LaunchScreen.storyboard */,
				DB8239161FBA2F4C0051963C /* Info.plist */,
				DB82390E1FBA2F4C0051963C /* PetHealth.xcdatamodeld */,
			);
			path = PetHealth;
			sourceTree = "<group>";
		};
		DB82391C1FBA2F6C0051963C /* Model */ = {
			isa = PBXGroup;
			children = (
				DBBEF14F1FBB5E1900BE1E52 /* Tip.swift */,
				DBBEF2261FBB6DEE00BE1E52 /* Pet.swift */,
				DBBEF2281FBB729A00BE1E52 /* User.swift */,
				DBAFD7F41FBE1FEE00B73C13 /* Person.swift */,
			);
			path = Model;
			sourceTree = "<group>";
		};
		DB82391D1FBA2F720051963C /* ViewController */ = {
			isa = PBXGroup;
			children = (
				DB8239091FBA2F4C0051963C /* LoginViewController.swift */,
				DAC200751FC33F4500E6C895 /* SignupViewController.swift */,
				DB7B81B61FC3888700BF3060 /* PetViewController.swift */,
				DB7B81B81FC389E500BF3060 /* PetCell.swift */,
			);
			path = ViewController;
			sourceTree = "<group>";
		};
		DB9FC90B1FC3549A00FCD756 /* Products */ = {
			isa = PBXGroup;
			children = (
				DB9FC9161FC3549B00FCD756 /* Alamofire.framework */,
				DB9FC9181FC3549B00FCD756 /* Alamofire iOS Tests.xctest */,
				DB9FC91A1FC3549B00FCD756 /* Alamofire.framework */,
				DB9FC91C1FC3549B00FCD756 /* Alamofire macOS Tests.xctest */,
				DB9FC91E1FC3549B00FCD756 /* Alamofire.framework */,
				DB9FC9201FC3549B00FCD756 /* Alamofire tvOS Tests.xctest */,
				DB9FC9221FC3549B00FCD756 /* Alamofire.framework */,
			);
			name = Products;
			sourceTree = "<group>";
		};
		DB9FC9241FC354AC00FCD756 /* Products */ = {
			isa = PBXGroup;
			children = (
				DB9FC92F1FC354AC00FCD756 /* SwiftyJSON.framework */,
				DB9FC9311FC354AC00FCD756 /* SwiftyJSON iOS Tests.xctest */,
				DB9FC9331FC354AC00FCD756 /* SwiftyJSON.framework */,
				DB9FC9351FC354AC00FCD756 /* SwiftyJSON macOS Tests.xctest */,
				DB9FC9371FC354AC00FCD756 /* SwiftyJSON.framework */,
				DB9FC9391FC354AC00FCD756 /* SwiftyJSON.framework */,
				DB9FC93B1FC354AC00FCD756 /* SwiftyJSON tvOS Tests.xctest */,
			);
			name = Products;
			sourceTree = "<group>";
		};
/* End PBXGroup section */

/* Begin PBXNativeTarget section */
		DB8239031FBA2F4C0051963C /* PetHealth */ = {
			isa = PBXNativeTarget;
			buildConfigurationList = DB8239191FBA2F4C0051963C /* Build configuration list for PBXNativeTarget "PetHealth" */;
			buildPhases = (
				DB8239001FBA2F4C0051963C /* Sources */,
				DB8239011FBA2F4C0051963C /* Frameworks */,
				DB8239021FBA2F4C0051963C /* Resources */,
			);
			buildRules = (
			);
			dependencies = (
			);
			name = PetHealth;
			productName = PetHealth;
			productReference = DB8239041FBA2F4C0051963C /* PetHealth.app */;
			productType = "com.apple.product-type.application";
		};
/* End PBXNativeTarget section */

/* Begin PBXProject section */
		DB8238FC1FBA2F4C0051963C /* Project object */ = {
			isa = PBXProject;
			attributes = {
				LastSwiftUpdateCheck = 0910;
				LastUpgradeCheck = 0910;
				ORGANIZATIONNAME = iSoftware;
				TargetAttributes = {
					DB8239031FBA2F4C0051963C = {
						CreatedOnToolsVersion = 9.1;
						ProvisioningStyle = Automatic;
					};
				};
			};
			buildConfigurationList = DB8238FF1FBA2F4C0051963C /* Build configuration list for PBXProject "PetHealth" */;
			compatibilityVersion = "Xcode 8.0";
			developmentRegion = en;
			hasScannedForEncodings = 0;
			knownRegions = (
				en,
				Base,
			);
			mainGroup = DB8238FB1FBA2F4C0051963C;
			productRefGroup = DB8239051FBA2F4C0051963C /* Products */;
			projectDirPath = "";
			projectReferences = (
				{
					ProductGroup = DB9FC90B1FC3549A00FCD756 /* Products */;
					ProjectRef = DB9FC90A1FC3549A00FCD756 /* Alamofire.xcodeproj */;
				},
				{
					ProductGroup = DB9FC9241FC354AC00FCD756 /* Products */;
					ProjectRef = DB9FC9231FC354AC00FCD756 /* SwiftyJSON.xcodeproj */;
				},
			);
			projectRoot = "";
			targets = (
				DB8239031FBA2F4C0051963C /* PetHealth */,
			);
		};
/* End PBXProject section */

/* Begin PBXReferenceProxy section */
		DB9FC9161FC3549B00FCD756 /* Alamofire.framework */ = {
			isa = PBXReferenceProxy;
			fileType = wrapper.framework;
			path = Alamofire.framework;
			remoteRef = DB9FC9151FC3549B00FCD756 /* PBXContainerItemProxy */;
			sourceTree = BUILT_PRODUCTS_DIR;
		};
		DB9FC9181FC3549B00FCD756 /* Alamofire iOS Tests.xctest */ = {
			isa = PBXReferenceProxy;
			fileType = wrapper.cfbundle;
			path = "Alamofire iOS Tests.xctest";
			remoteRef = DB9FC9171FC3549B00FCD756 /* PBXContainerItemProxy */;
			sourceTree = BUILT_PRODUCTS_DIR;
		};
		DB9FC91A1FC3549B00FCD756 /* Alamofire.framework */ = {
			isa = PBXReferenceProxy;
			fileType = wrapper.framework;
			path = Alamofire.framework;
			remoteRef = DB9FC9191FC3549B00FCD756 /* PBXContainerItemProxy */;
			sourceTree = BUILT_PRODUCTS_DIR;
		};
		DB9FC91C1FC3549B00FCD756 /* Alamofire macOS Tests.xctest */ = {
			isa = PBXReferenceProxy;
			fileType = wrapper.cfbundle;
			path = "Alamofire macOS Tests.xctest";
			remoteRef = DB9FC91B1FC3549B00FCD756 /* PBXContainerItemProxy */;
			sourceTree = BUILT_PRODUCTS_DIR;
		};
		DB9FC91E1FC3549B00FCD756 /* Alamofire.framework */ = {
			isa = PBXReferenceProxy;
			fileType = wrapper.framework;
			path = Alamofire.framework;
			remoteRef = DB9FC91D1FC3549B00FCD756 /* PBXContainerItemProxy */;
			sourceTree = BUILT_PRODUCTS_DIR;
		};
		DB9FC9201FC3549B00FCD756 /* Alamofire tvOS Tests.xctest */ = {
			isa = PBXReferenceProxy;
			fileType = wrapper.cfbundle;
			path = "Alamofire tvOS Tests.xctest";
			remoteRef = DB9FC91F1FC3549B00FCD756 /* PBXContainerItemProxy */;
			sourceTree = BUILT_PRODUCTS_DIR;
		};
		DB9FC9221FC3549B00FCD756 /* Alamofire.framework */ = {
			isa = PBXReferenceProxy;
			fileType = wrapper.framework;
			path = Alamofire.framework;
			remoteRef = DB9FC9211FC3549B00FCD756 /* PBXContainerItemProxy */;
			sourceTree = BUILT_PRODUCTS_DIR;
		};
		DB9FC92F1FC354AC00FCD756 /* SwiftyJSON.framework */ = {
			isa = PBXReferenceProxy;
			fileType = wrapper.framework;
			path = SwiftyJSON.framework;
			remoteRef = DB9FC92E1FC354AC00FCD756 /* PBXContainerItemProxy */;
			sourceTree = BUILT_PRODUCTS_DIR;
		};
		DB9FC9311FC354AC00FCD756 /* SwiftyJSON iOS Tests.xctest */ = {
			isa = PBXReferenceProxy;
			fileType = wrapper.cfbundle;
			path = "SwiftyJSON iOS Tests.xctest";
			remoteRef = DB9FC9301FC354AC00FCD756 /* PBXContainerItemProxy */;
			sourceTree = BUILT_PRODUCTS_DIR;
		};
		DB9FC9331FC354AC00FCD756 /* SwiftyJSON.framework */ = {
			isa = PBXReferenceProxy;
			fileType = wrapper.framework;
			path = SwiftyJSON.framework;
			remoteRef = DB9FC9321FC354AC00FCD756 /* PBXContainerItemProxy */;
			sourceTree = BUILT_PRODUCTS_DIR;
		};
		DB9FC9351FC354AC00FCD756 /* SwiftyJSON macOS Tests.xctest */ = {
			isa = PBXReferenceProxy;
			fileType = wrapper.cfbundle;
			path = "SwiftyJSON macOS Tests.xctest";
			remoteRef = DB9FC9341FC354AC00FCD756 /* PBXContainerItemProxy */;
			sourceTree = BUILT_PRODUCTS_DIR;
		};
		DB9FC9371FC354AC00FCD756 /* SwiftyJSON.framework */ = {
			isa = PBXReferenceProxy;
			fileType = wrapper.framework;
			path = SwiftyJSON.framework;
			remoteRef = DB9FC9361FC354AC00FCD756 /* PBXContainerItemProxy */;
			sourceTree = BUILT_PRODUCTS_DIR;
		};
		DB9FC9391FC354AC00FCD756 /* SwiftyJSON.framework */ = {
			isa = PBXReferenceProxy;
			fileType = wrapper.framework;
			path = SwiftyJSON.framework;
			remoteRef = DB9FC9381FC354AC00FCD756 /* PBXContainerItemProxy */;
			sourceTree = BUILT_PRODUCTS_DIR;
		};
		DB9FC93B1FC354AC00FCD756 /* SwiftyJSON tvOS Tests.xctest */ = {
			isa = PBXReferenceProxy;
			fileType = wrapper.cfbundle;
			path = "SwiftyJSON tvOS Tests.xctest";
			remoteRef = DB9FC93A1FC354AC00FCD756 /* PBXContainerItemProxy */;
			sourceTree = BUILT_PRODUCTS_DIR;
		};
/* End PBXReferenceProxy section */

/* Begin PBXResourcesBuildPhase section */
		DB8239021FBA2F4C0051963C /* Resources */ = {
			isa = PBXResourcesBuildPhase;
			buildActionMask = 2147483647;
			files = (
				DB8239151FBA2F4C0051963C /* LaunchScreen.storyboard in Resources */,
				DB8239121FBA2F4C0051963C /* Assets.xcassets in Resources */,
				DB82390D1FBA2F4C0051963C /* Main.storyboard in Resources */,
			);
			runOnlyForDeploymentPostprocessing = 0;
		};
/* End PBXResourcesBuildPhase section */

/* Begin PBXSourcesBuildPhase section */
		DB8239001FBA2F4C0051963C /* Sources */ = {
			isa = PBXSourcesBuildPhase;
			buildActionMask = 2147483647;
			files = (
				DBBEF2271FBB6DEE00BE1E52 /* Pet.swift in Sources */,
				DB82390A1FBA2F4C0051963C /* LoginViewController.swift in Sources */,
				7FD153591FC5EA19000F15B7 /* PetHealthApiService.swift in Sources */,
				DAC200761FC33F4500E6C895 /* SignupViewController.swift in Sources */,
				DBBEF2291FBB729A00BE1E52 /* User.swift in Sources */,
				DBBEF1501FBB5E1900BE1E52 /* Tip.swift in Sources */,
				DBAFD7F51FBE1FEE00B73C13 /* Person.swift in Sources */,
				7FD1535B1FC5EA21000F15B7 /* API.swift in Sources */,
				DB7B81B91FC389E500BF3060 /* PetCell.swift in Sources */,
				DB7B81B71FC3888700BF3060 /* PetViewController.swift in Sources */,
				DB8239081FBA2F4C0051963C /* AppDelegate.swift in Sources */,
				DB8239101FBA2F4C0051963C /* PetHealth.xcdatamodeld in Sources */,
			);
			runOnlyForDeploymentPostprocessing = 0;
		};
/* End PBXSourcesBuildPhase section */

/* Begin PBXVariantGroup section */
		DB82390B1FBA2F4C0051963C /* Main.storyboard */ = {
			isa = PBXVariantGroup;
			children = (
				DB82390C1FBA2F4C0051963C /* Base */,
			);
			name = Main.storyboard;
			sourceTree = "<group>";
		};
		DB8239131FBA2F4C0051963C /* LaunchScreen.storyboard */ = {
			isa = PBXVariantGroup;
			children = (
				DB8239141FBA2F4C0051963C /* Base */,
			);
			name = LaunchScreen.storyboard;
			sourceTree = "<group>";
		};
/* End PBXVariantGroup section */

/* Begin XCBuildConfiguration section */
		DB8239171FBA2F4C0051963C /* Debug */ = {
			isa = XCBuildConfiguration;
			buildSettings = {
				ALWAYS_SEARCH_USER_PATHS = NO;
				CLANG_ANALYZER_NONNULL = YES;
				CLANG_ANALYZER_NUMBER_OBJECT_CONVERSION = YES_AGGRESSIVE;
				CLANG_CXX_LANGUAGE_STANDARD = "gnu++14";
				CLANG_CXX_LIBRARY = "libc++";
				CLANG_ENABLE_MODULES = YES;
				CLANG_ENABLE_OBJC_ARC = YES;
				CLANG_WARN_BLOCK_CAPTURE_AUTORELEASING = YES;
				CLANG_WARN_BOOL_CONVERSION = YES;
				CLANG_WARN_COMMA = YES;
				CLANG_WARN_CONSTANT_CONVERSION = YES;
				CLANG_WARN_DIRECT_OBJC_ISA_USAGE = YES_ERROR;
				CLANG_WARN_DOCUMENTATION_COMMENTS = YES;
				CLANG_WARN_EMPTY_BODY = YES;
				CLANG_WARN_ENUM_CONVERSION = YES;
				CLANG_WARN_INFINITE_RECURSION = YES;
				CLANG_WARN_INT_CONVERSION = YES;
				CLANG_WARN_NON_LITERAL_NULL_CONVERSION = YES;
				CLANG_WARN_OBJC_LITERAL_CONVERSION = YES;
				CLANG_WARN_OBJC_ROOT_CLASS = YES_ERROR;
				CLANG_WARN_RANGE_LOOP_ANALYSIS = YES;
				CLANG_WARN_STRICT_PROTOTYPES = YES;
				CLANG_WARN_SUSPICIOUS_MOVE = YES;
				CLANG_WARN_UNGUARDED_AVAILABILITY = YES_AGGRESSIVE;
				CLANG_WARN_UNREACHABLE_CODE = YES;
				CLANG_WARN__DUPLICATE_METHOD_MATCH = YES;
				CODE_SIGN_IDENTITY = "iPhone Developer";
				COPY_PHASE_STRIP = NO;
				DEBUG_INFORMATION_FORMAT = dwarf;
				ENABLE_STRICT_OBJC_MSGSEND = YES;
				ENABLE_TESTABILITY = YES;
				GCC_C_LANGUAGE_STANDARD = gnu11;
				GCC_DYNAMIC_NO_PIC = NO;
				GCC_NO_COMMON_BLOCKS = YES;
				GCC_OPTIMIZATION_LEVEL = 0;
				GCC_PREPROCESSOR_DEFINITIONS = (
					"DEBUG=1",
					"$(inherited)",
				);
				GCC_WARN_64_TO_32_BIT_CONVERSION = YES;
				GCC_WARN_ABOUT_RETURN_TYPE = YES_ERROR;
				GCC_WARN_UNDECLARED_SELECTOR = YES;
				GCC_WARN_UNINITIALIZED_AUTOS = YES_AGGRESSIVE;
				GCC_WARN_UNUSED_FUNCTION = YES;
				GCC_WARN_UNUSED_VARIABLE = YES;
				IPHONEOS_DEPLOYMENT_TARGET = 11.1;
				MTL_ENABLE_DEBUG_INFO = YES;
				ONLY_ACTIVE_ARCH = YES;
				SDKROOT = iphoneos;
				SWIFT_ACTIVE_COMPILATION_CONDITIONS = DEBUG;
				SWIFT_OPTIMIZATION_LEVEL = "-Onone";
			};
			name = Debug;
		};
		DB8239181FBA2F4C0051963C /* Release */ = {
			isa = XCBuildConfiguration;
			buildSettings = {
				ALWAYS_SEARCH_USER_PATHS = NO;
				CLANG_ANALYZER_NONNULL = YES;
				CLANG_ANALYZER_NUMBER_OBJECT_CONVERSION = YES_AGGRESSIVE;
				CLANG_CXX_LANGUAGE_STANDARD = "gnu++14";
				CLANG_CXX_LIBRARY = "libc++";
				CLANG_ENABLE_MODULES = YES;
				CLANG_ENABLE_OBJC_ARC = YES;
				CLANG_WARN_BLOCK_CAPTURE_AUTORELEASING = YES;
				CLANG_WARN_BOOL_CONVERSION = YES;
				CLANG_WARN_COMMA = YES;
				CLANG_WARN_CONSTANT_CONVERSION = YES;
				CLANG_WARN_DIRECT_OBJC_ISA_USAGE = YES_ERROR;
				CLANG_WARN_DOCUMENTATION_COMMENTS = YES;
				CLANG_WARN_EMPTY_BODY = YES;
				CLANG_WARN_ENUM_CONVERSION = YES;
				CLANG_WARN_INFINITE_RECURSION = YES;
				CLANG_WARN_INT_CONVERSION = YES;
				CLANG_WARN_NON_LITERAL_NULL_CONVERSION = YES;
				CLANG_WARN_OBJC_LITERAL_CONVERSION = YES;
				CLANG_WARN_OBJC_ROOT_CLASS = YES_ERROR;
				CLANG_WARN_RANGE_LOOP_ANALYSIS = YES;
				CLANG_WARN_STRICT_PROTOTYPES = YES;
				CLANG_WARN_SUSPICIOUS_MOVE = YES;
				CLANG_WARN_UNGUARDED_AVAILABILITY = YES_AGGRESSIVE;
				CLANG_WARN_UNREACHABLE_CODE = YES;
				CLANG_WARN__DUPLICATE_METHOD_MATCH = YES;
				CODE_SIGN_IDENTITY = "iPhone Developer";
				COPY_PHASE_STRIP = NO;
				DEBUG_INFORMATION_FORMAT = "dwarf-with-dsym";
				ENABLE_NS_ASSERTIONS = NO;
				ENABLE_STRICT_OBJC_MSGSEND = YES;
				GCC_C_LANGUAGE_STANDARD = gnu11;
				GCC_NO_COMMON_BLOCKS = YES;
				GCC_WARN_64_TO_32_BIT_CONVERSION = YES;
				GCC_WARN_ABOUT_RETURN_TYPE = YES_ERROR;
				GCC_WARN_UNDECLARED_SELECTOR = YES;
				GCC_WARN_UNINITIALIZED_AUTOS = YES_AGGRESSIVE;
				GCC_WARN_UNUSED_FUNCTION = YES;
				GCC_WARN_UNUSED_VARIABLE = YES;
				IPHONEOS_DEPLOYMENT_TARGET = 11.1;
				MTL_ENABLE_DEBUG_INFO = NO;
				SDKROOT = iphoneos;
				SWIFT_OPTIMIZATION_LEVEL = "-Owholemodule";
				VALIDATE_PRODUCT = YES;
			};
			name = Release;
		};
		DB82391A1FBA2F4C0051963C /* Debug */ = {
			isa = XCBuildConfiguration;
			buildSettings = {
				ASSETCATALOG_COMPILER_APPICON_NAME = AppIcon;
				CODE_SIGN_STYLE = Automatic;
				DEVELOPMENT_TEAM = 8468U436K8;
				INFOPLIST_FILE = PetHealth/Info.plist;
				IPHONEOS_DEPLOYMENT_TARGET = 10.0;
				LD_RUNPATH_SEARCH_PATHS = "$(inherited) @executable_path/Frameworks";
				PRODUCT_BUNDLE_IDENTIFIER = pe.edu.upc.iPetHealth;
				PRODUCT_NAME = "$(TARGET_NAME)";
				SWIFT_VERSION = 4.0;
				TARGETED_DEVICE_FAMILY = "1,2";
			};
			name = Debug;
		};
		DB82391B1FBA2F4C0051963C /* Release */ = {
			isa = XCBuildConfiguration;
			buildSettings = {
				ASSETCATALOG_COMPILER_APPICON_NAME = AppIcon;
				CODE_SIGN_STYLE = Automatic;
				DEVELOPMENT_TEAM = 8468U436K8;
				INFOPLIST_FILE = PetHealth/Info.plist;
				IPHONEOS_DEPLOYMENT_TARGET = 10.0;
				LD_RUNPATH_SEARCH_PATHS = "$(inherited) @executable_path/Frameworks";
				PRODUCT_BUNDLE_IDENTIFIER = pe.edu.upc.iPetHealth;
				PRODUCT_NAME = "$(TARGET_NAME)";
				SWIFT_VERSION = 4.0;
				TARGETED_DEVICE_FAMILY = "1,2";
			};
			name = Release;
		};
/* End XCBuildConfiguration section */

/* Begin XCConfigurationList section */
		DB8238FF1FBA2F4C0051963C /* Build configuration list for PBXProject "PetHealth" */ = {
			isa = XCConfigurationList;
			buildConfigurations = (
				DB8239171FBA2F4C0051963C /* Debug */,
				DB8239181FBA2F4C0051963C /* Release */,
			);
			defaultConfigurationIsVisible = 0;
			defaultConfigurationName = Release;
		};
		DB8239191FBA2F4C0051963C /* Build configuration list for PBXNativeTarget "PetHealth" */ = {
			isa = XCConfigurationList;
			buildConfigurations = (
				DB82391A1FBA2F4C0051963C /* Debug */,
				DB82391B1FBA2F4C0051963C /* Release */,
			);
			defaultConfigurationIsVisible = 0;
			defaultConfigurationName = Release;
		};
/* End XCConfigurationList section */

/* Begin XCVersionGroup section */
		DB82390E1FBA2F4C0051963C /* PetHealth.xcdatamodeld */ = {
			isa = XCVersionGroup;
			children = (
				DB82390F1FBA2F4C0051963C /* PetHealth.xcdatamodel */,
			);
			currentVersion = DB82390F1FBA2F4C0051963C /* PetHealth.xcdatamodel */;
			path = PetHealth.xcdatamodeld;
			sourceTree = "<group>";
			versionGroupType = wrapper.xcdatamodel;
		};
/* End XCVersionGroup section */
	};
	rootObject = DB8238FC1FBA2F4C0051963C /* Project object */;
}
